// !$*UTF8*$!
{
	archiveVersion = 1;
	classes = {
	};
	objectVersion = 56;
	objects = {

/* Begin PBXBuildFile section */
		919C57592982E1BB00FBD5EE /* AppDelegate.swift in Sources */ = {isa = PBXBuildFile; fileRef = 919C57582982E1BB00FBD5EE /* AppDelegate.swift */; };
		919C575B2982E1BB00FBD5EE /* SceneDelegate.swift in Sources */ = {isa = PBXBuildFile; fileRef = 919C575A2982E1BB00FBD5EE /* SceneDelegate.swift */; };
		919C575D2982E1BB00FBD5EE /* ViewController.swift in Sources */ = {isa = PBXBuildFile; fileRef = 919C575C2982E1BB00FBD5EE /* ViewController.swift */; };
		919C57602982E1BB00FBD5EE /* Main.storyboard in Resources */ = {isa = PBXBuildFile; fileRef = 919C575E2982E1BB00FBD5EE /* Main.storyboard */; };
		919C57622982E1BD00FBD5EE /* Assets.xcassets in Resources */ = {isa = PBXBuildFile; fileRef = 919C57612982E1BD00FBD5EE /* Assets.xcassets */; };
		919C57652982E1BD00FBD5EE /* LaunchScreen.storyboard in Resources */ = {isa = PBXBuildFile; fileRef = 919C57632982E1BD00FBD5EE /* LaunchScreen.storyboard */; };
		919C57702982E1BE00FBD5EE /* MultiplyTests.swift in Sources */ = {isa = PBXBuildFile; fileRef = 919C576F2982E1BE00FBD5EE /* MultiplyTests.swift */; };
		919C577A2982E1BE00FBD5EE /* MultiplyUITests.swift in Sources */ = {isa = PBXBuildFile; fileRef = 919C57792982E1BE00FBD5EE /* MultiplyUITests.swift */; };
		919C577C2982E1BE00FBD5EE /* MultiplyUITestsLaunchTests.swift in Sources */ = {isa = PBXBuildFile; fileRef = 919C577B2982E1BE00FBD5EE /* MultiplyUITestsLaunchTests.swift */; };
/* End PBXBuildFile section */

/* Begin PBXContainerItemProxy section */
		919C576C2982E1BE00FBD5EE /* PBXContainerItemProxy */ = {
			isa = PBXContainerItemProxy;
			containerPortal = 919C574D2982E1BB00FBD5EE /* Project object */;
			proxyType = 1;
			remoteGlobalIDString = 919C57542982E1BB00FBD5EE;
			remoteInfo = Multiply;
		};
		919C57762982E1BE00FBD5EE /* PBXContainerItemProxy */ = {
			isa = PBXContainerItemProxy;
			containerPortal = 919C574D2982E1BB00FBD5EE /* Project object */;
			proxyType = 1;
			remoteGlobalIDString = 919C57542982E1BB00FBD5EE;
			remoteInfo = Multiply;
		};
/* End PBXContainerItemProxy section */

/* Begin PBXFileReference section */
		919C57552982E1BB00FBD5EE /* Multiply.app */ = {isa = PBXFileReference; explicitFileType = wrapper.application; includeInIndex = 0; path = Multiply.app; sourceTree = BUILT_PRODUCTS_DIR; };
		919C57582982E1BB00FBD5EE /* AppDelegate.swift */ = {isa = PBXFileReference; lastKnownFileType = sourcecode.swift; path = AppDelegate.swift; sourceTree = "<group>"; };
		919C575A2982E1BB00FBD5EE /* SceneDelegate.swift */ = {isa = PBXFileReference; lastKnownFileType = sourcecode.swift; path = SceneDelegate.swift; sourceTree = "<group>"; };
		919C575C2982E1BB00FBD5EE /* ViewController.swift */ = {isa = PBXFileReference; lastKnownFileType = sourcecode.swift; path = ViewController.swift; sourceTree = "<group>"; };
		919C575F2982E1BB00FBD5EE /* Base */ = {isa = PBXFileReference; lastKnownFileType = file.storyboard; name = Base; path = Base.lproj/Main.storyboard; sourceTree = "<group>"; };
		919C57612982E1BD00FBD5EE /* Assets.xcassets */ = {isa = PBXFileReference; lastKnownFileType = folder.assetcatalog; path = Assets.xcassets; sourceTree = "<group>"; };
		919C57642982E1BD00FBD5EE /* Base */ = {isa = PBXFileReference; lastKnownFileType = file.storyboard; name = Base; path = Base.lproj/LaunchScreen.storyboard; sourceTree = "<group>"; };
		919C57662982E1BD00FBD5EE /* Info.plist */ = {isa = PBXFileReference; lastKnownFileType = text.plist.xml; path = Info.plist; sourceTree = "<group>"; };
		919C576B2982E1BE00FBD5EE /* MultiplyTests.xctest */ = {isa = PBXFileReference; explicitFileType = wrapper.cfbundle; includeInIndex = 0; path = MultiplyTests.xctest; sourceTree = BUILT_PRODUCTS_DIR; };
		919C576F2982E1BE00FBD5EE /* MultiplyTests.swift */ = {isa = PBXFileReference; lastKnownFileType = sourcecode.swift; path = MultiplyTests.swift; sourceTree = "<group>"; };
		919C57752982E1BE00FBD5EE /* MultiplyUITests.xctest */ = {isa = PBXFileReference; explicitFileType = wrapper.cfbundle; includeInIndex = 0; path = MultiplyUITests.xctest; sourceTree = BUILT_PRODUCTS_DIR; };
		919C57792982E1BE00FBD5EE /* MultiplyUITests.swift */ = {isa = PBXFileReference; lastKnownFileType = sourcecode.swift; path = MultiplyUITests.swift; sourceTree = "<group>"; };
		919C577B2982E1BE00FBD5EE /* MultiplyUITestsLaunchTests.swift */ = {isa = PBXFileReference; lastKnownFileType = sourcecode.swift; path = MultiplyUITestsLaunchTests.swift; sourceTree = "<group>"; };
/* End PBXFileReference section */

/* Begin PBXFrameworksBuildPhase section */
		919C57522982E1BB00FBD5EE /* Frameworks */ = {
			isa = PBXFrameworksBuildPhase;
			buildActionMask = 2147483647;
			files = (
			);
			runOnlyForDeploymentPostprocessing = 0;
		};
		919C57682982E1BE00FBD5EE /* Frameworks */ = {
			isa = PBXFrameworksBuildPhase;
			buildActionMask = 2147483647;
			files = (
			);
			runOnlyForDeploymentPostprocessing = 0;
		};
		919C57722982E1BE00FBD5EE /* Frameworks */ = {
			isa = PBXFrameworksBuildPhase;
			buildActionMask = 2147483647;
			files = (
			);
			runOnlyForDeploymentPostprocessing = 0;
		};
/* End PBXFrameworksBuildPhase section */

/* Begin PBXGroup section */
		919C574C2982E1BB00FBD5EE = {
			isa = PBXGroup;
			children = (
				919C57572982E1BB00FBD5EE /* Multiply */,
				919C576E2982E1BE00FBD5EE /* MultiplyTests */,
				919C57782982E1BE00FBD5EE /* MultiplyUITests */,
				919C57562982E1BB00FBD5EE /* Products */,
			);
			sourceTree = "<group>";
		};
		919C57562982E1BB00FBD5EE /* Products */ = {
			isa = PBXGroup;
			children = (
				919C57552982E1BB00FBD5EE /* Multiply.app */,
				919C576B2982E1BE00FBD5EE /* MultiplyTests.xctest */,
				919C57752982E1BE00FBD5EE /* MultiplyUITests.xctest */,
			);
			name = Products;
			sourceTree = "<group>";
		};
		919C57572982E1BB00FBD5EE /* Multiply */ = {
			isa = PBXGroup;
			children = (
				919C57582982E1BB00FBD5EE /* AppDelegate.swift */,
				919C575A2982E1BB00FBD5EE /* SceneDelegate.swift */,
				919C575C2982E1BB00FBD5EE /* ViewController.swift */,
				919C575E2982E1BB00FBD5EE /* Main.storyboard */,
				919C57612982E1BD00FBD5EE /* Assets.xcassets */,
				919C57632982E1BD00FBD5EE /* LaunchScreen.storyboard */,
				919C57662982E1BD00FBD5EE /* Info.plist */,
			);
			path = Multiply;
			sourceTree = "<group>";
		};
		919C576E2982E1BE00FBD5EE /* MultiplyTests */ = {
			isa = PBXGroup;
			children = (
				919C576F2982E1BE00FBD5EE /* MultiplyTests.swift */,
			);
			path = MultiplyTests;
			sourceTree = "<group>";
		};
		919C57782982E1BE00FBD5EE /* MultiplyUITests */ = {
			isa = PBXGroup;
			children = (
				919C57792982E1BE00FBD5EE /* MultiplyUITests.swift */,
				919C577B2982E1BE00FBD5EE /* MultiplyUITestsLaunchTests.swift */,
			);
			path = MultiplyUITests;
			sourceTree = "<group>";
		};
/* End PBXGroup section */

/* Begin PBXNativeTarget section */
		919C57542982E1BB00FBD5EE /* Multiply */ = {
			isa = PBXNativeTarget;
			buildConfigurationList = 919C577F2982E1BE00FBD5EE /* Build configuration list for PBXNativeTarget "Multiply" */;
			buildPhases = (
				919C57512982E1BB00FBD5EE /* Sources */,
				919C57522982E1BB00FBD5EE /* Frameworks */,
				919C57532982E1BB00FBD5EE /* Resources */,
			);
			buildRules = (
			);
			dependencies = (
			);
			name = Multiply;
			productName = Multiply;
			productReference = 919C57552982E1BB00FBD5EE /* Multiply.app */;
			productType = "com.apple.product-type.application";
		};
		919C576A2982E1BE00FBD5EE /* MultiplyTests */ = {
			isa = PBXNativeTarget;
			buildConfigurationList = 919C57822982E1BE00FBD5EE /* Build configuration list for PBXNativeTarget "MultiplyTests" */;
			buildPhases = (
				919C57672982E1BE00FBD5EE /* Sources */,
				919C57682982E1BE00FBD5EE /* Frameworks */,
				919C57692982E1BE00FBD5EE /* Resources */,
			);
			buildRules = (
			);
			dependencies = (
				919C576D2982E1BE00FBD5EE /* PBXTargetDependency */,
			);
			name = MultiplyTests;
			productName = MultiplyTests;
			productReference = 919C576B2982E1BE00FBD5EE /* MultiplyTests.xctest */;
			productType = "com.apple.product-type.bundle.unit-test";
		};
		919C57742982E1BE00FBD5EE /* MultiplyUITests */ = {
			isa = PBXNativeTarget;
			buildConfigurationList = 919C57852982E1BE00FBD5EE /* Build configuration list for PBXNativeTarget "MultiplyUITests" */;
			buildPhases = (
				919C57712982E1BE00FBD5EE /* Sources */,
				919C57722982E1BE00FBD5EE /* Frameworks */,
				919C57732982E1BE00FBD5EE /* Resources */,
			);
			buildRules = (
			);
			dependencies = (
				919C57772982E1BE00FBD5EE /* PBXTargetDependency */,
			);
			name = MultiplyUITests;
			productName = MultiplyUITests;
			productReference = 919C57752982E1BE00FBD5EE /* MultiplyUITests.xctest */;
			productType = "com.apple.product-type.bundle.ui-testing";
		};
/* End PBXNativeTarget section */

/* Begin PBXProject section */
		919C574D2982E1BB00FBD5EE /* Project object */ = {
			isa = PBXProject;
			attributes = {
				BuildIndependentTargetsInParallel = 1;
				LastSwiftUpdateCheck = 1420;
				LastUpgradeCheck = 1420;
				TargetAttributes = {
					919C57542982E1BB00FBD5EE = {
						CreatedOnToolsVersion = 14.2;
					};
					919C576A2982E1BE00FBD5EE = {
						CreatedOnToolsVersion = 14.2;
						TestTargetID = 919C57542982E1BB00FBD5EE;
					};
					919C57742982E1BE00FBD5EE = {
						CreatedOnToolsVersion = 14.2;
						TestTargetID = 919C57542982E1BB00FBD5EE;
					};
				};
			};
			buildConfigurationList = 919C57502982E1BB00FBD5EE /* Build configuration list for PBXProject "Multiply" */;
			compatibilityVersion = "Xcode 14.0";
			developmentRegion = en;
			hasScannedForEncodings = 0;
			knownRegions = (
				en,
				Base,
			);
			mainGroup = 919C574C2982E1BB00FBD5EE;
			productRefGroup = 919C57562982E1BB00FBD5EE /* Products */;
			projectDirPath = "";
			projectRoot = "";
			targets = (
				919C57542982E1BB00FBD5EE /* Multiply */,
				919C576A2982E1BE00FBD5EE /* MultiplyTests */,
				919C57742982E1BE00FBD5EE /* MultiplyUITests */,
			);
		};
/* End PBXProject section */

/* Begin PBXResourcesBuildPhase section */
		919C57532982E1BB00FBD5EE /* Resources */ = {
			isa = PBXResourcesBuildPhase;
			buildActionMask = 2147483647;
			files = (
				919C57652982E1BD00FBD5EE /* LaunchScreen.storyboard in Resources */,
				919C57622982E1BD00FBD5EE /* Assets.xcassets in Resources */,
				919C57602982E1BB00FBD5EE /* Main.storyboard in Resources */,
			);
			runOnlyForDeploymentPostprocessing = 0;
		};
		919C57692982E1BE00FBD5EE /* Resources */ = {
			isa = PBXResourcesBuildPhase;
			buildActionMask = 2147483647;
			files = (
			);
			runOnlyForDeploymentPostprocessing = 0;
		};
		919C57732982E1BE00FBD5EE /* Resources */ = {
			isa = PBXResourcesBuildPhase;
			buildActionMask = 2147483647;
			files = (
			);
			runOnlyForDeploymentPostprocessing = 0;
		};
/* End PBXResourcesBuildPhase section */

/* Begin PBXSourcesBuildPhase section */
		919C57512982E1BB00FBD5EE /* Sources */ = {
			isa = PBXSourcesBuildPhase;
			buildActionMask = 2147483647;
			files = (
				919C575D2982E1BB00FBD5EE /* ViewController.swift in Sources */,
				919C57592982E1BB00FBD5EE /* AppDelegate.swift in Sources */,
				919C575B2982E1BB00FBD5EE /* SceneDelegate.swift in Sources */,
			);
			runOnlyForDeploymentPostprocessing = 0;
		};
		919C57672982E1BE00FBD5EE /* Sources */ = {
			isa = PBXSourcesBuildPhase;
			buildActionMask = 2147483647;
			files = (
				919C57702982E1BE00FBD5EE /* MultiplyTests.swift in Sources */,
			);
			runOnlyForDeploymentPostprocessing = 0;
		};
		919C57712982E1BE00FBD5EE /* Sources */ = {
			isa = PBXSourcesBuildPhase;
			buildActionMask = 2147483647;
			files = (
				919C577C2982E1BE00FBD5EE /* MultiplyUITestsLaunchTests.swift in Sources */,
				919C577A2982E1BE00FBD5EE /* MultiplyUITests.swift in Sources */,
			);
			runOnlyForDeploymentPostprocessing = 0;
		};
/* End PBXSourcesBuildPhase section */

/* Begin PBXTargetDependency section */
		919C576D2982E1BE00FBD5EE /* PBXTargetDependency */ = {
			isa = PBXTargetDependency;
			target = 919C57542982E1BB00FBD5EE /* Multiply */;
			targetProxy = 919C576C2982E1BE00FBD5EE /* PBXContainerItemProxy */;
		};
		919C57772982E1BE00FBD5EE /* PBXTargetDependency */ = {
			isa = PBXTargetDependency;
			target = 919C57542982E1BB00FBD5EE /* Multiply */;
			targetProxy = 919C57762982E1BE00FBD5EE /* PBXContainerItemProxy */;
		};
/* End PBXTargetDependency section */

/* Begin PBXVariantGroup section */
		919C575E2982E1BB00FBD5EE /* Main.storyboard */ = {
			isa = PBXVariantGroup;
			children = (
				919C575F2982E1BB00FBD5EE /* Base */,
			);
			name = Main.storyboard;
			sourceTree = "<group>";
		};
		919C57632982E1BD00FBD5EE /* LaunchScreen.storyboard */ = {
			isa = PBXVariantGroup;
			children = (
				919C57642982E1BD00FBD5EE /* Base */,
			);
			name = LaunchScreen.storyboard;
			sourceTree = "<group>";
		};
/* End PBXVariantGroup section */

/* Begin XCBuildConfiguration section */
		919C577D2982E1BE00FBD5EE /* Debug */ = {
			isa = XCBuildConfiguration;
			buildSettings = {
				ALWAYS_SEARCH_USER_PATHS = NO;
				CLANG_ANALYZER_NONNULL = YES;
				CLANG_ANALYZER_NUMBER_OBJECT_CONVERSION = YES_AGGRESSIVE;
				CLANG_CXX_LANGUAGE_STANDARD = "gnu++20";
				CLANG_ENABLE_MODULES = YES;
				CLANG_ENABLE_OBJC_ARC = YES;
				CLANG_ENABLE_OBJC_WEAK = YES;
				CLANG_WARN_BLOCK_CAPTURE_AUTORELEASING = YES;
				CLANG_WARN_BOOL_CONVERSION = YES;
				CLANG_WARN_COMMA = YES;
				CLANG_WARN_CONSTANT_CONVERSION = YES;
				CLANG_WARN_DEPRECATED_OBJC_IMPLEMENTATIONS = YES;
				CLANG_WARN_DIRECT_OBJC_ISA_USAGE = YES_ERROR;
				CLANG_WARN_DOCUMENTATION_COMMENTS = YES;
				CLANG_WARN_EMPTY_BODY = YES;
				CLANG_WARN_ENUM_CONVERSION = YES;
				CLANG_WARN_INFINITE_RECURSION = YES;
				CLANG_WARN_INT_CONVERSION = YES;
				CLANG_WARN_NON_LITERAL_NULL_CONVERSION = YES;
				CLANG_WARN_OBJC_IMPLICIT_RETAIN_SELF = YES;
				CLANG_WARN_OBJC_LITERAL_CONVERSION = YES;
				CLANG_WARN_OBJC_ROOT_CLASS = YES_ERROR;
				CLANG_WARN_QUOTED_INCLUDE_IN_FRAMEWORK_HEADER = YES;
				CLANG_WARN_RANGE_LOOP_ANALYSIS = YES;
				CLANG_WARN_STRICT_PROTOTYPES = YES;
				CLANG_WARN_SUSPICIOUS_MOVE = YES;
				CLANG_WARN_UNGUARDED_AVAILABILITY = YES_AGGRESSIVE;
				CLANG_WARN_UNREACHABLE_CODE = YES;
				CLANG_WARN__DUPLICATE_METHOD_MATCH = YES;
				COPY_PHASE_STRIP = NO;
				DEBUG_INFORMATION_FORMAT = dwarf;
				ENABLE_STRICT_OBJC_MSGSEND = YES;
				ENABLE_TESTABILITY = YES;
				GCC_C_LANGUAGE_STANDARD = gnu11;
				GCC_DYNAMIC_NO_PIC = NO;
				GCC_NO_COMMON_BLOCKS = YES;
				GCC_OPTIMIZATION_LEVEL = 0;
				GCC_PREPROCESSOR_DEFINITIONS = (
					"DEBUG=1",
					"$(inherited)",
				);
				GCC_WARN_64_TO_32_BIT_CONVERSION = YES;
				GCC_WARN_ABOUT_RETURN_TYPE = YES_ERROR;
				GCC_WARN_UNDECLARED_SELECTOR = YES;
				GCC_WARN_UNINITIALIZED_AUTOS = YES_AGGRESSIVE;
				GCC_WARN_UNUSED_FUNCTION = YES;
				GCC_WARN_UNUSED_VARIABLE = YES;
				IPHONEOS_DEPLOYMENT_TARGET = 16.2;
				MTL_ENABLE_DEBUG_INFO = INCLUDE_SOURCE;
				MTL_FAST_MATH = YES;
				ONLY_ACTIVE_ARCH = YES;
				SDKROOT = iphoneos;
				SWIFT_ACTIVE_COMPILATION_CONDITIONS = DEBUG;
				SWIFT_OPTIMIZATION_LEVEL = "-Onone";
			};
			name = Debug;
		};
		919C577E2982E1BE00FBD5EE /* Release */ = {
			isa = XCBuildConfiguration;
			buildSettings = {
				ALWAYS_SEARCH_USER_PATHS = NO;
				CLANG_ANALYZER_NONNULL = YES;
				CLANG_ANALYZER_NUMBER_OBJECT_CONVERSION = YES_AGGRESSIVE;
				CLANG_CXX_LANGUAGE_STANDARD = "gnu++20";
				CLANG_ENABLE_MODULES = YES;
				CLANG_ENABLE_OBJC_ARC = YES;
				CLANG_ENABLE_OBJC_WEAK = YES;
				CLANG_WARN_BLOCK_CAPTURE_AUTORELEASING = YES;
				CLANG_WARN_BOOL_CONVERSION = YES;
				CLANG_WARN_COMMA = YES;
				CLANG_WARN_CONSTANT_CONVERSION = YES;
				CLANG_WARN_DEPRECATED_OBJC_IMPLEMENTATIONS = YES;
				CLANG_WARN_DIRECT_OBJC_ISA_USAGE = YES_ERROR;
				CLANG_WARN_DOCUMENTATION_COMMENTS = YES;
				CLANG_WARN_EMPTY_BODY = YES;
				CLANG_WARN_ENUM_CONVERSION = YES;
				CLANG_WARN_INFINITE_RECURSION = YES;
				CLANG_WARN_INT_CONVERSION = YES;
				CLANG_WARN_NON_LITERAL_NULL_CONVERSION = YES;
				CLANG_WARN_OBJC_IMPLICIT_RETAIN_SELF = YES;
				CLANG_WARN_OBJC_LITERAL_CONVERSION = YES;
				CLANG_WARN_OBJC_ROOT_CLASS = YES_ERROR;
				CLANG_WARN_QUOTED_INCLUDE_IN_FRAMEWORK_HEADER = YES;
				CLANG_WARN_RANGE_LOOP_ANALYSIS = YES;
				CLANG_WARN_STRICT_PROTOTYPES = YES;
				CLANG_WARN_SUSPICIOUS_MOVE = YES;
				CLANG_WARN_UNGUARDED_AVAILABILITY = YES_AGGRESSIVE;
				CLANG_WARN_UNREACHABLE_CODE = YES;
				CLANG_WARN__DUPLICATE_METHOD_MATCH = YES;
				COPY_PHASE_STRIP = NO;
				DEBUG_INFORMATION_FORMAT = "dwarf-with-dsym";
				ENABLE_NS_ASSERTIONS = NO;
				ENABLE_STRICT_OBJC_MSGSEND = YES;
				GCC_C_LANGUAGE_STANDARD = gnu11;
				GCC_NO_COMMON_BLOCKS = YES;
				GCC_WARN_64_TO_32_BIT_CONVERSION = YES;
				GCC_WARN_ABOUT_RETURN_TYPE = YES_ERROR;
				GCC_WARN_UNDECLARED_SELECTOR = YES;
				GCC_WARN_UNINITIALIZED_AUTOS = YES_AGGRESSIVE;
				GCC_WARN_UNUSED_FUNCTION = YES;
				GCC_WARN_UNUSED_VARIABLE = YES;
				IPHONEOS_DEPLOYMENT_TARGET = 16.2;
				MTL_ENABLE_DEBUG_INFO = NO;
				MTL_FAST_MATH = YES;
				SDKROOT = iphoneos;
				SWIFT_COMPILATION_MODE = wholemodule;
				SWIFT_OPTIMIZATION_LEVEL = "-O";
				VALIDATE_PRODUCT = YES;
			};
			name = Release;
		};
		919C57802982E1BE00FBD5EE /* Debug */ = {
			isa = XCBuildConfiguration;
			buildSettings = {
				ASSETCATALOG_COMPILER_APPICON_NAME = AppIcon;
				ASSETCATALOG_COMPILER_GLOBAL_ACCENT_COLOR_NAME = AccentColor;
				CODE_SIGN_STYLE = Automatic;
				CURRENT_PROJECT_VERSION = 1;
				DEVELOPMENT_TEAM = 86XJL2HGN2;
				GENERATE_INFOPLIST_FILE = YES;
				INFOPLIST_FILE = Multiply/Info.plist;
				INFOPLIST_KEY_UIApplicationSupportsIndirectInputEvents = YES;
				INFOPLIST_KEY_UILaunchStoryboardName = LaunchScreen;
				INFOPLIST_KEY_UIMainStoryboardFile = Main;
				INFOPLIST_KEY_UISupportedInterfaceOrientations_iPad = "UIInterfaceOrientationPortrait UIInterfaceOrientationPortraitUpsideDown UIInterfaceOrientationLandscapeLeft UIInterfaceOrientationLandscapeRight";
				INFOPLIST_KEY_UISupportedInterfaceOrientations_iPhone = "UIInterfaceOrientationPortrait UIInterfaceOrientationLandscapeLeft UIInterfaceOrientationLandscapeRight";
				LD_RUNPATH_SEARCH_PATHS = (
					"$(inherited)",
					"@executable_path/Frameworks",
				);
				MARKETING_VERSION = 1.0;
				PRODUCT_BUNDLE_IDENTIFIER = bhibhj.Multiply;
				PRODUCT_NAME = "$(TARGET_NAME)";
				SWIFT_EMIT_LOC_STRINGS = YES;
				SWIFT_VERSION = 5.0;
				TARGETED_DEVICE_FAMILY = "1,2";
			};
			name = Debug;
		};
		919C57812982E1BE00FBD5EE /* Release */ = {
			isa = XCBuildConfiguration;
			buildSettings = {
				ASSETCATALOG_COMPILER_APPICON_NAME = AppIcon;
				ASSETCATALOG_COMPILER_GLOBAL_ACCENT_COLOR_NAME = AccentColor;
				CODE_SIGN_STYLE = Automatic;
				CURRENT_PROJECT_VERSION = 1;
				DEVELOPMENT_TEAM = 86XJL2HGN2;
				GENERATE_INFOPLIST_FILE = YES;
				INFOPLIST_FILE = Multiply/Info.plist;
				INFOPLIST_KEY_UIApplicationSupportsIndirectInputEvents = YES;
				INFOPLIST_KEY_UILaunchStoryboardName = LaunchScreen;
				INFOPLIST_KEY_UIMainStoryboardFile = Main;
				INFOPLIST_KEY_UISupportedInterfaceOrientations_iPad = "UIInterfaceOrientationPortrait UIInterfaceOrientationPortraitUpsideDown UIInterfaceOrientationLandscapeLeft UIInterfaceOrientationLandscapeRight";
				INFOPLIST_KEY_UISupportedInterfaceOrientations_iPhone = "UIInterfaceOrientationPortrait UIInterfaceOrientationLandscapeLeft UIInterfaceOrientationLandscapeRight";
				LD_RUNPATH_SEARCH_PATHS = (
					"$(inherited)",
					"@executable_path/Frameworks",
				);
				MARKETING_VERSION = 1.0;
				PRODUCT_BUNDLE_IDENTIFIER = bhibhj.Multiply;
				PRODUCT_NAME = "$(TARGET_NAME)";
				SWIFT_EMIT_LOC_STRINGS = YES;
				SWIFT_VERSION = 5.0;
				TARGETED_DEVICE_FAMILY = "1,2";
			};
			name = Release;
		};
		919C57832982E1BE00FBD5EE /* Debug */ = {
			isa = XCBuildConfiguration;
			buildSettings = {
				ALWAYS_EMBED_SWIFT_STANDARD_LIBRARIES = YES;
				BUNDLE_LOADER = "$(TEST_HOST)";
				CODE_SIGN_STYLE = Automatic;
				CURRENT_PROJECT_VERSION = 1;
				DEVELOPMENT_TEAM = 86XJL2HGN2;
				GENERATE_INFOPLIST_FILE = YES;
				IPHONEOS_DEPLOYMENT_TARGET = 16.2;
				MARKETING_VERSION = 1.0;
				PRODUCT_BUNDLE_IDENTIFIER = bhibhj.MultiplyTests;
				PRODUCT_NAME = "$(TARGET_NAME)";
				SWIFT_EMIT_LOC_STRINGS = NO;
				SWIFT_VERSION = 5.0;
				TARGETED_DEVICE_FAMILY = "1,2";
				TEST_HOST = "$(BUILT_PRODUCTS_DIR)/Multiply.app/$(BUNDLE_EXECUTABLE_FOLDER_PATH)/Multiply";
			};
			name = Debug;
		};
		919C57842982E1BE00FBD5EE /* Release */ = {
			isa = XCBuildConfiguration;
			buildSettings = {
				ALWAYS_EMBED_SWIFT_STANDARD_LIBRARIES = YES;
				BUNDLE_LOADER = "$(TEST_HOST)";
				CODE_SIGN_STYLE = Automatic;
				CURRENT_PROJECT_VERSION = 1;
				DEVELOPMENT_TEAM = 86XJL2HGN2;
				GENERATE_INFOPLIST_FILE = YES;
				IPHONEOS_DEPLOYMENT_TARGET = 16.2;
				MARKETING_VERSION = 1.0;
				PRODUCT_BUNDLE_IDENTIFIER = bhibhj.MultiplyTests;
				PRODUCT_NAME = "$(TARGET_NAME)";
				SWIFT_EMIT_LOC_STRINGS = NO;
				SWIFT_VERSION = 5.0;
				TARGETED_DEVICE_FAMILY = "1,2";
				TEST_HOST = "$(BUILT_PRODUCTS_DIR)/Multiply.app/$(BUNDLE_EXECUTABLE_FOLDER_PATH)/Multiply";
			};
			name = Release;
		};
		919C57862982E1BE00FBD5EE /* Debug */ = {
			isa = XCBuildConfiguration;
			buildSettings = {
				ALWAYS_EMBED_SWIFT_STANDARD_LIBRARIES = YES;
				CODE_SIGN_STYLE = Automatic;
				CURRENT_PROJECT_VERSION = 1;
				DEVELOPMENT_TEAM = 86XJL2HGN2;
				GENERATE_INFOPLIST_FILE = YES;
				MARKETING_VERSION = 1.0;
				PRODUCT_BUNDLE_IDENTIFIER = bhibhj.MultiplyUITests;
				PRODUCT_NAME = "$(TARGET_NAME)";
				SWIFT_EMIT_LOC_STRINGS = NO;
				SWIFT_VERSION = 5.0;
				TARGETED_DEVICE_FAMILY = "1,2";
				TEST_TARGET_NAME = Multiply;
			};
			name = Debug;
		};
		919C57872982E1BE00FBD5EE /* Release */ = {
			isa = XCBuildConfiguration;
			buildSettings = {
				ALWAYS_EMBED_SWIFT_STANDARD_LIBRARIES = YES;
				CODE_SIGN_STYLE = Automatic;
				CURRENT_PROJECT_VERSION = 1;
				DEVELOPMENT_TEAM = 86XJL2HGN2;
				GENERATE_INFOPLIST_FILE = YES;
				MARKETING_VERSION = 1.0;
				PRODUCT_BUNDLE_IDENTIFIER = bhibhj.MultiplyUITests;
				PRODUCT_NAME = "$(TARGET_NAME)";
				SWIFT_EMIT_LOC_STRINGS = NO;
				SWIFT_VERSION = 5.0;
				TARGETED_DEVICE_FAMILY = "1,2";
				TEST_TARGET_NAME = Multiply;
			};
			name = Release;
		};
/* End XCBuildConfiguration section */

/* Begin XCConfigurationList section */
		919C57502982E1BB00FBD5EE /* Build configuration list for PBXProject "Multiply" */ = {
			isa = XCConfigurationList;
			buildConfigurations = (
				919C577D2982E1BE00FBD5EE /* Debug */,
				919C577E2982E1BE00FBD5EE /* Release */,
			);
			defaultConfigurationIsVisible = 0;
			defaultConfigurationName = Release;
		};
		919C577F2982E1BE00FBD5EE /* Build configuration list for PBXNativeTarget "Multiply" */ = {
			isa = XCConfigurationList;
			buildConfigurations = (
				919C57802982E1BE00FBD5EE /* Debug */,
				919C57812982E1BE00FBD5EE /* Release */,
			);
			defaultConfigurationIsVisible = 0;
			defaultConfigurationName = Release;
		};
		919C57822982E1BE00FBD5EE /* Build configuration list for PBXNativeTarget "MultiplyTests" */ = {
			isa = XCConfigurationList;
			buildConfigurations = (
				919C57832982E1BE00FBD5EE /* Debug */,
				919C57842982E1BE00FBD5EE /* Release */,
			);
			defaultConfigurationIsVisible = 0;
			defaultConfigurationName = Release;
		};
		919C57852982E1BE00FBD5EE /* Build configuration list for PBXNativeTarget "MultiplyUITests" */ = {
			isa = XCConfigurationList;
			buildConfigurations = (
				919C57862982E1BE00FBD5EE /* Debug */,
				919C57872982E1BE00FBD5EE /* Release */,
			);
			defaultConfigurationIsVisible = 0;
			defaultConfigurationName = Release;
		};
/* End XCConfigurationList section */
	};
	rootObject = 919C574D2982E1BB00FBD5EE /* Project object */;
}
